github.com/0ffsideCompass/api-football-adapter-model v1.0.7 h1:bVx2B5iP+X+0xuWs9U7YQJlyNECK2Z8n2O2odGw/cOU=
github.com/0ffsideCompass/api-football-adapter-model v1.0.7/go.mod h1:+QOWoONm6elMkpWyk3a5tQsnykrl2LZe/l5morXhT8Q=
github.com/0ffsideCompass/api-football-go-client v1.1.6 h1:sT3h4lLmYjQsHySJuZiZjSevyvZ1BpCtBvlCURdMpFI=
github.com/0ffsideCompass/api-football-go-client v1.1.6/go.mod h1:Y6Nm4F0U6eOnagLas9JLxlazfkZCD1zYQNfGt5g1LBA=
