github.com/0ffsideCompass/api-football-adapter-model v0.0.0-20240429211931-c8a3b069998c h1:fryU+xiDPutse8gEcDAixBOB0YQ3lEHKnnaJjydKk7g=
github.com/0ffsideCompass/api-football-adapter-model v0.0.0-20240429211931-c8a3b069998c/go.mod h1:+QOWoONm6elMkpWyk3a5tQsnykrl2LZe/l5morXhT8Q=
github.com/0ffsideCompass/api-football-go-client v1.1.6 h1:sT3h4lLmYjQsHySJuZiZjSevyvZ1BpCtBvlCURdMpFI=
github.com/0ffsideCompass/api-football-go-client v1.1.6/go.mod h1:Y6Nm4F0U6eOnagLas9JLxlazfkZCD1zYQNfGt5g1LBA=
